// !$*UTF8*$!
{
	archiveVersion = 1;
	classes = {
	};
	objectVersion = 55;
	objects = {

/* Begin PBXBuildFile section */
		021DC2AB27FD73AD00BA26BF /* DetailView.swift in Sources */ = {isa = PBXBuildFile; fileRef = 021DC2AA27FD73AD00BA26BF /* DetailView.swift */; };
		021DC2AD27FD845200BA26BF /* OffsetModifier.swift in Sources */ = {isa = PBXBuildFile; fileRef = 021DC2AC27FD845200BA26BF /* OffsetModifier.swift */; };
		0239D83727F81F91004A4A47 /* SnapCarousel.swift in Sources */ = {isa = PBXBuildFile; fileRef = 0239D83627F81F91004A4A47 /* SnapCarousel.swift */; };
		0245BD8B27F58BC00010E447 /* BannerDetailApp.swift in Sources */ = {isa = PBXBuildFile; fileRef = 0245BD8A27F58BC00010E447 /* BannerDetailApp.swift */; };
		0245BD8D27F58BC00010E447 /* ContentView.swift in Sources */ = {isa = PBXBuildFile; fileRef = 0245BD8C27F58BC00010E447 /* ContentView.swift */; };
		0245BD8F27F58BC20010E447 /* Assets.xcassets in Resources */ = {isa = PBXBuildFile; fileRef = 0245BD8E27F58BC20010E447 /* Assets.xcassets */; };
		0245BD9227F58BC20010E447 /* Preview Assets.xcassets in Resources */ = {isa = PBXBuildFile; fileRef = 0245BD9127F58BC20010E447 /* Preview Assets.xcassets */; };
		0245BD9B27F58C810010E447 /* Movie.swift in Sources */ = {isa = PBXBuildFile; fileRef = 0245BD9A27F58C810010E447 /* Movie.swift */; };
		0245BD9D27F58D510010E447 /* Home.swift in Sources */ = {isa = PBXBuildFile; fileRef = 0245BD9C27F58D510010E447 /* Home.swift */; };
/* End PBXBuildFile section */

/* Begin PBXFileReference section */
		021DC2AA27FD73AD00BA26BF /* DetailView.swift */ = {isa = PBXFileReference; lastKnownFileType = sourcecode.swift; path = DetailView.swift; sourceTree = "<group>"; };
		021DC2AC27FD845200BA26BF /* OffsetModifier.swift */ = {isa = PBXFileReference; lastKnownFileType = sourcecode.swift; path = OffsetModifier.swift; sourceTree = "<group>"; };
		0239D83627F81F91004A4A47 /* SnapCarousel.swift */ = {isa = PBXFileReference; fileEncoding = 4; lastKnownFileType = sourcecode.swift; path = SnapCarousel.swift; sourceTree = "<group>"; };
		0245BD8727F58BC00010E447 /* BannerDetail.app */ = {isa = PBXFileReference; explicitFileType = wrapper.application; includeInIndex = 0; path = BannerDetail.app; sourceTree = BUILT_PRODUCTS_DIR; };
		0245BD8A27F58BC00010E447 /* BannerDetailApp.swift */ = {isa = PBXFileReference; lastKnownFileType = sourcecode.swift; path = BannerDetailApp.swift; sourceTree = "<group>"; };
		0245BD8C27F58BC00010E447 /* ContentView.swift */ = {isa = PBXFileReference; lastKnownFileType = sourcecode.swift; path = ContentView.swift; sourceTree = "<group>"; };
		0245BD8E27F58BC20010E447 /* Assets.xcassets */ = {isa = PBXFileReference; lastKnownFileType = folder.assetcatalog; path = Assets.xcassets; sourceTree = "<group>"; };
		0245BD9127F58BC20010E447 /* Preview Assets.xcassets */ = {isa = PBXFileReference; lastKnownFileType = folder.assetcatalog; path = "Preview Assets.xcassets"; sourceTree = "<group>"; };
		0245BD9A27F58C810010E447 /* Movie.swift */ = {isa = PBXFileReference; lastKnownFileType = sourcecode.swift; path = Movie.swift; sourceTree = "<group>"; };
		0245BD9C27F58D510010E447 /* Home.swift */ = {isa = PBXFileReference; lastKnownFileType = sourcecode.swift; path = Home.swift; sourceTree = "<group>"; };
/* End PBXFileReference section */

/* Begin PBXFrameworksBuildPhase section */
		0245BD8427F58BC00010E447 /* Frameworks */ = {
			isa = PBXFrameworksBuildPhase;
			buildActionMask = 2147483647;
			files = (
			);
			runOnlyForDeploymentPostprocessing = 0;
		};
/* End PBXFrameworksBuildPhase section */

/* Begin PBXGroup section */
		0245BD7E27F58BC00010E447 = {
			isa = PBXGroup;
			children = (
				0245BD8927F58BC00010E447 /* BannerDetail */,
				0245BD8827F58BC00010E447 /* Products */,
			);
			sourceTree = "<group>";
		};
		0245BD8827F58BC00010E447 /* Products */ = {
			isa = PBXGroup;
			children = (
				0245BD8727F58BC00010E447 /* BannerDetail.app */,
			);
			name = Products;
			sourceTree = "<group>";
		};
		0245BD8927F58BC00010E447 /* BannerDetail */ = {
			isa = PBXGroup;
			children = (
				0245BD9927F58C520010E447 /* Model */,
				0245BD9827F58C4B0010E447 /* View */,
				0245BD8A27F58BC00010E447 /* BannerDetailApp.swift */,
				0245BD8C27F58BC00010E447 /* ContentView.swift */,
				0245BD8E27F58BC20010E447 /* Assets.xcassets */,
				0245BD9027F58BC20010E447 /* Preview Content */,
			);
			path = BannerDetail;
			sourceTree = "<group>";
		};
		0245BD9027F58BC20010E447 /* Preview Content */ = {
			isa = PBXGroup;
			children = (
				0245BD9127F58BC20010E447 /* Preview Assets.xcassets */,
			);
			path = "Preview Content";
			sourceTree = "<group>";
		};
		0245BD9827F58C4B0010E447 /* View */ = {
			isa = PBXGroup;
			children = (
				0239D83627F81F91004A4A47 /* SnapCarousel.swift */,
				0245BD9C27F58D510010E447 /* Home.swift */,
				021DC2AA27FD73AD00BA26BF /* DetailView.swift */,
				021DC2AC27FD845200BA26BF /* OffsetModifier.swift */,
			);
			path = View;
			sourceTree = "<group>";
		};
		0245BD9927F58C520010E447 /* Model */ = {
			isa = PBXGroup;
			children = (
				0245BD9A27F58C810010E447 /* Movie.swift */,
			);
			path = Model;
			sourceTree = "<group>";
		};
/* End PBXGroup section */

/* Begin PBXNativeTarget section */
		0245BD8627F58BC00010E447 /* BannerDetail */ = {
			isa = PBXNativeTarget;
			buildConfigurationList = 0245BD9527F58BC20010E447 /* Build configuration list for PBXNativeTarget "BannerDetail" */;
			buildPhases = (
				0245BD8327F58BC00010E447 /* Sources */,
				0245BD8427F58BC00010E447 /* Frameworks */,
				0245BD8527F58BC00010E447 /* Resources */,
			);
			buildRules = (
			);
			dependencies = (
			);
			name = BannerDetail;
			productName = BannerDetail;
			productReference = 0245BD8727F58BC00010E447 /* BannerDetail.app */;
			productType = "com.apple.product-type.application";
		};
/* End PBXNativeTarget section */

/* Begin PBXProject section */
		0245BD7F27F58BC00010E447 /* Project object */ = {
			isa = PBXProject;
			attributes = {
				BuildIndependentTargetsInParallel = 1;
				LastSwiftUpdateCheck = 1330;
				LastUpgradeCheck = 1330;
				TargetAttributes = {
					0245BD8627F58BC00010E447 = {
						CreatedOnToolsVersion = 13.3;
					};
				};
			};
			buildConfigurationList = 0245BD8227F58BC00010E447 /* Build configuration list for PBXProject "BannerDetail" */;
			compatibilityVersion = "Xcode 13.0";
			developmentRegion = en;
			hasScannedForEncodings = 0;
			knownRegions = (
				en,
				Base,
			);
			mainGroup = 0245BD7E27F58BC00010E447;
			productRefGroup = 0245BD8827F58BC00010E447 /* Products */;
			projectDirPath = "";
			projectRoot = "";
			targets = (
				0245BD8627F58BC00010E447 /* BannerDetail */,
			);
		};
/* End PBXProject section */

/* Begin PBXResourcesBuildPhase section */
		0245BD8527F58BC00010E447 /* Resources */ = {
			isa = PBXResourcesBuildPhase;
			buildActionMask = 2147483647;
			files = (
				0245BD9227F58BC20010E447 /* Preview Assets.xcassets in Resources */,
				0245BD8F27F58BC20010E447 /* Assets.xcassets in Resources */,
			);
			runOnlyForDeploymentPostprocessing = 0;
		};
/* End PBXResourcesBuildPhase section */

/* Begin PBXSourcesBuildPhase section */
		0245BD8327F58BC00010E447 /* Sources */ = {
			isa = PBXSourcesBuildPhase;
			buildActionMask = 2147483647;
			files = (
				0245BD8D27F58BC00010E447 /* ContentView.swift in Sources */,
				021DC2AB27FD73AD00BA26BF /* DetailView.swift in Sources */,
				0245BD8B27F58BC00010E447 /* BannerDetailApp.swift in Sources */,
				021DC2AD27FD845200BA26BF /* OffsetModifier.swift in Sources */,
				0245BD9D27F58D510010E447 /* Home.swift in Sources */,
				0245BD9B27F58C810010E447 /* Movie.swift in Sources */,
				0239D83727F81F91004A4A47 /* SnapCarousel.swift in Sources */,
			);
			runOnlyForDeploymentPostprocessing = 0;
		};
/* End PBXSourcesBuildPhase section */

/* Begin XCBuildConfiguration section */
		0245BD9327F58BC20010E447 /* Debug */ = {
			isa = XCBuildConfiguration;
			buildSettings = {
				ALWAYS_SEARCH_USER_PATHS = NO;
				CLANG_ANALYZER_NONNULL = YES;
				CLANG_ANALYZER_NUMBER_OBJECT_CONVERSION = YES_AGGRESSIVE;
				CLANG_CXX_LANGUAGE_STANDARD = "gnu++17";
				CLANG_ENABLE_MODULES = YES;
				CLANG_ENABLE_OBJC_ARC = YES;
				CLANG_ENABLE_OBJC_WEAK = YES;
				CLANG_WARN_BLOCK_CAPTURE_AUTORELEASING = YES;
				CLANG_WARN_BOOL_CONVERSION = YES;
				CLANG_WARN_COMMA = YES;
				CLANG_WARN_CONSTANT_CONVERSION = YES;
				CLANG_WARN_DEPRECATED_OBJC_IMPLEMENTATIONS = YES;
				CLANG_WARN_DIRECT_OBJC_ISA_USAGE = YES_ERROR;
				CLANG_WARN_DOCUMENTATION_COMMENTS = YES;
				CLANG_WARN_EMPTY_BODY = YES;
				CLANG_WARN_ENUM_CONVERSION = YES;
				CLANG_WARN_INFINITE_RECURSION = YES;
				CLANG_WARN_INT_CONVERSION = YES;
				CLANG_WARN_NON_LITERAL_NULL_CONVERSION = YES;
				CLANG_WARN_OBJC_IMPLICIT_RETAIN_SELF = YES;
				CLANG_WARN_OBJC_LITERAL_CONVERSION = YES;
				CLANG_WARN_OBJC_ROOT_CLASS = YES_ERROR;
				CLANG_WARN_QUOTED_INCLUDE_IN_FRAMEWORK_HEADER = YES;
				CLANG_WARN_RANGE_LOOP_ANALYSIS = YES;
				CLANG_WARN_STRICT_PROTOTYPES = YES;
				CLANG_WARN_SUSPICIOUS_MOVE = YES;
				CLANG_WARN_UNGUARDED_AVAILABILITY = YES_AGGRESSIVE;
				CLANG_WARN_UNREACHABLE_CODE = YES;
				CLANG_WARN__DUPLICATE_METHOD_MATCH = YES;
				COPY_PHASE_STRIP = NO;
				DEBUG_INFORMATION_FORMAT = dwarf;
				ENABLE_STRICT_OBJC_MSGSEND = YES;
				ENABLE_TESTABILITY = YES;
				GCC_C_LANGUAGE_STANDARD = gnu11;
				GCC_DYNAMIC_NO_PIC = NO;
				GCC_NO_COMMON_BLOCKS = YES;
				GCC_OPTIMIZATION_LEVEL = 0;
				GCC_PREPROCESSOR_DEFINITIONS = (
					"DEBUG=1",
					"$(inherited)",
				);
				GCC_WARN_64_TO_32_BIT_CONVERSION = YES;
				GCC_WARN_ABOUT_RETURN_TYPE = YES_ERROR;
				GCC_WARN_UNDECLARED_SELECTOR = YES;
				GCC_WARN_UNINITIALIZED_AUTOS = YES_AGGRESSIVE;
				GCC_WARN_UNUSED_FUNCTION = YES;
				GCC_WARN_UNUSED_VARIABLE = YES;
				IPHONEOS_DEPLOYMENT_TARGET = 15.4;
				MTL_ENABLE_DEBUG_INFO = INCLUDE_SOURCE;
				MTL_FAST_MATH = YES;
				ONLY_ACTIVE_ARCH = YES;
				SDKROOT = iphoneos;
				SWIFT_ACTIVE_COMPILATION_CONDITIONS = DEBUG;
				SWIFT_OPTIMIZATION_LEVEL = "-Onone";
			};
			name = Debug;
		};
		0245BD9427F58BC20010E447 /* Release */ = {
			isa = XCBuildConfiguration;
			buildSettings = {
				ALWAYS_SEARCH_USER_PATHS = NO;
				CLANG_ANALYZER_NONNULL = YES;
				CLANG_ANALYZER_NUMBER_OBJECT_CONVERSION = YES_AGGRESSIVE;
				CLANG_CXX_LANGUAGE_STANDARD = "gnu++17";
				CLANG_ENABLE_MODULES = YES;
				CLANG_ENABLE_OBJC_ARC = YES;
				CLANG_ENABLE_OBJC_WEAK = YES;
				CLANG_WARN_BLOCK_CAPTURE_AUTORELEASING = YES;
				CLANG_WARN_BOOL_CONVERSION = YES;
				CLANG_WARN_COMMA = YES;
				CLANG_WARN_CONSTANT_CONVERSION = YES;
				CLANG_WARN_DEPRECATED_OBJC_IMPLEMENTATIONS = YES;
				CLANG_WARN_DIRECT_OBJC_ISA_USAGE = YES_ERROR;
				CLANG_WARN_DOCUMENTATION_COMMENTS = YES;
				CLANG_WARN_EMPTY_BODY = YES;
				CLANG_WARN_ENUM_CONVERSION = YES;
				CLANG_WARN_INFINITE_RECURSION = YES;
				CLANG_WARN_INT_CONVERSION = YES;
				CLANG_WARN_NON_LITERAL_NULL_CONVERSION = YES;
				CLANG_WARN_OBJC_IMPLICIT_RETAIN_SELF = YES;
				CLANG_WARN_OBJC_LITERAL_CONVERSION = YES;
				CLANG_WARN_OBJC_ROOT_CLASS = YES_ERROR;
				CLANG_WARN_QUOTED_INCLUDE_IN_FRAMEWORK_HEADER = YES;
				CLANG_WARN_RANGE_LOOP_ANALYSIS = YES;
				CLANG_WARN_STRICT_PROTOTYPES = YES;
				CLANG_WARN_SUSPICIOUS_MOVE = YES;
				CLANG_WARN_UNGUARDED_AVAILABILITY = YES_AGGRESSIVE;
				CLANG_WARN_UNREACHABLE_CODE = YES;
				CLANG_WARN__DUPLICATE_METHOD_MATCH = YES;
				COPY_PHASE_STRIP = NO;
				DEBUG_INFORMATION_FORMAT = "dwarf-with-dsym";
				ENABLE_NS_ASSERTIONS = NO;
				ENABLE_STRICT_OBJC_MSGSEND = YES;
				GCC_C_LANGUAGE_STANDARD = gnu11;
				GCC_NO_COMMON_BLOCKS = YES;
				GCC_WARN_64_TO_32_BIT_CONVERSION = YES;
				GCC_WARN_ABOUT_RETURN_TYPE = YES_ERROR;
				GCC_WARN_UNDECLARED_SELECTOR = YES;
				GCC_WARN_UNINITIALIZED_AUTOS = YES_AGGRESSIVE;
				GCC_WARN_UNUSED_FUNCTION = YES;
				GCC_WARN_UNUSED_VARIABLE = YES;
				IPHONEOS_DEPLOYMENT_TARGET = 15.4;
				MTL_ENABLE_DEBUG_INFO = NO;
				MTL_FAST_MATH = YES;
				SDKROOT = iphoneos;
				SWIFT_COMPILATION_MODE = wholemodule;
				SWIFT_OPTIMIZATION_LEVEL = "-O";
				VALIDATE_PRODUCT = YES;
			};
			name = Release;
		};
		0245BD9627F58BC20010E447 /* Debug */ = {
			isa = XCBuildConfiguration;
			buildSettings = {
				ASSETCATALOG_COMPILER_APPICON_NAME = AppIcon;
				ASSETCATALOG_COMPILER_GLOBAL_ACCENT_COLOR_NAME = AccentColor;
				CODE_SIGN_STYLE = Automatic;
				CURRENT_PROJECT_VERSION = 1;
				DEVELOPMENT_ASSET_PATHS = "\"BannerDetail/Preview Content\"";
				DEVELOPMENT_TEAM = Z24MR455SQ;
				ENABLE_PREVIEWS = YES;
				GENERATE_INFOPLIST_FILE = YES;
				INFOPLIST_KEY_UIApplicationSceneManifest_Generation = YES;
				INFOPLIST_KEY_UIApplicationSupportsIndirectInputEvents = YES;
				INFOPLIST_KEY_UILaunchScreen_Generation = YES;
				INFOPLIST_KEY_UISupportedInterfaceOrientations_iPad = "UIInterfaceOrientationPortrait UIInterfaceOrientationPortraitUpsideDown UIInterfaceOrientationLandscapeLeft UIInterfaceOrientationLandscapeRight";
				INFOPLIST_KEY_UISupportedInterfaceOrientations_iPhone = "UIInterfaceOrientationPortrait UIInterfaceOrientationLandscapeLeft UIInterfaceOrientationLandscapeRight";
				LD_RUNPATH_SEARCH_PATHS = (
					"$(inherited)",
					"@executable_path/Frameworks",
				);
				MARKETING_VERSION = 1.0;
				PRODUCT_BUNDLE_IDENTIFIER = zyf.BannerDetail;
				PRODUCT_NAME = "$(TARGET_NAME)";
				SWIFT_EMIT_LOC_STRINGS = YES;
				SWIFT_VERSION = 5.0;
				TARGETED_DEVICE_FAMILY = "1,2";
			};
			name = Debug;
		};
		0245BD9727F58BC20010E447 /* Release */ = {
			isa = XCBuildConfiguration;
			buildSettings = {
				ASSETCATALOG_COMPILER_APPICON_NAME = AppIcon;
				ASSETCATALOG_COMPILER_GLOBAL_ACCENT_COLOR_NAME = AccentColor;
				CODE_SIGN_STYLE = Automatic;
				CURRENT_PROJECT_VERSION = 1;
				DEVELOPMENT_ASSET_PATHS = "\"BannerDetail/Preview Content\"";
				DEVELOPMENT_TEAM = Z24MR455SQ;
				ENABLE_PREVIEWS = YES;
				GENERATE_INFOPLIST_FILE = YES;
				INFOPLIST_KEY_UIApplicationSceneManifest_Generation = YES;
				INFOPLIST_KEY_UIApplicationSupportsIndirectInputEvents = YES;
				INFOPLIST_KEY_UILaunchScreen_Generation = YES;
				INFOPLIST_KEY_UISupportedInterfaceOrientations_iPad = "UIInterfaceOrientationPortrait UIInterfaceOrientationPortraitUpsideDown UIInterfaceOrientationLandscapeLeft UIInterfaceOrientationLandscapeRight";
				INFOPLIST_KEY_UISupportedInterfaceOrientations_iPhone = "UIInterfaceOrientationPortrait UIInterfaceOrientationLandscapeLeft UIInterfaceOrientationLandscapeRight";
				LD_RUNPATH_SEARCH_PATHS = (
					"$(inherited)",
					"@executable_path/Frameworks",
				);
				MARKETING_VERSION = 1.0;
				PRODUCT_BUNDLE_IDENTIFIER = zyf.BannerDetail;
				PRODUCT_NAME = "$(TARGET_NAME)";
				SWIFT_EMIT_LOC_STRINGS = YES;
				SWIFT_VERSION = 5.0;
				TARGETED_DEVICE_FAMILY = "1,2";
			};
			name = Release;
		};
/* End XCBuildConfiguration section */

/* Begin XCConfigurationList section */
		0245BD8227F58BC00010E447 /* Build configuration list for PBXProject "BannerDetail" */ = {
			isa = XCConfigurationList;
			buildConfigurations = (
				0245BD9327F58BC20010E447 /* Debug */,
				0245BD9427F58BC20010E447 /* Release */,
			);
			defaultConfigurationIsVisible = 0;
			defaultConfigurationName = Release;
		};
		0245BD9527F58BC20010E447 /* Build configuration list for PBXNativeTarget "BannerDetail" */ = {
			isa = XCConfigurationList;
			buildConfigurations = (
				0245BD9627F58BC20010E447 /* Debug */,
				0245BD9727F58BC20010E447 /* Release */,
			);
			defaultConfigurationIsVisible = 0;
			defaultConfigurationName = Release;
		};
/* End XCConfigurationList section */
	};
	rootObject = 0245BD7F27F58BC00010E447 /* Project object */;
}
